# This file was autogenerated by Stack.
# You should not edit this file by hand.
# For more information, please see the documentation at:
#   https://docs.haskellstack.org/en/stable/topics/lock_files

packages: []
snapshots:
- completed:
    sha256: 860a3b4af42f216021e97c255fece7cbbf51e99187148d68e26505e9539cc347
    size: 699850
    url: https://raw.githubusercontent.com/commercialhaskell/stackage-snapshots/master/nightly/2025/10/9.yaml
  original: nightly-2025-10-09
